
Microsoft Visual Studio Solution File, Format Version 12.00
# Visual Studio Version 16
VisualStudioVersion = 16.0.30611.23
MinimumVisualStudioVersion = 10.0.40219.1
Project("{FAE04EC0-301F-11D3-BF4B-00C04F79EFBC}") = "Task4", "Task4\Task4.csproj", "{B25EFFC3-8B8C-4CCF-A89B-EE055D692B72}"
EndProject
Global
	GlobalSection(SolutionConfigurationPlatforms) = preSolution
		Debug|Any CPU = Debug|Any CPU
		Release|Any CPU = Release|Any CPU
	EndGlobalSection
	GlobalSection(ProjectConfigurationPlatforms) = postSolution
		{B25EFFC3-8B8C-4CCF-A89B-EE055D692B72}.Debug|Any CPU.ActiveCfg = Debug|Any CPU
		{B25EFFC3-8B8C-4CCF-A89B-EE055D692B72}.Debug|Any CPU.Build.0 = Debug|Any CPU
		{B25EFFC3-8B8C-4CCF-A89B-EE055D692B72}.Release|Any CPU.ActiveCfg = Release|Any CPU
		{B25EFFC3-8B8C-4CCF-A89B-EE055D692B72}.Release|Any CPU.Build.0 = Release|Any CPU
	EndGlobalSection
	GlobalSection(SolutionProperties) = preSolution
		HideSolutionNode = FALSE
	EndGlobalSection
	GlobalSection(ExtensibilityGlobals) = postSolution
		SolutionGuid = {EEE95BD6-6DE5-4088-8A03-1C8E4AC3EFF1}
	EndGlobalSection
EndGlobal
